
Microsoft Visual Studio Solution File, Format Version 12.00
# Visual Studio 15
VisualStudioVersion = 15.0.28307.779
MinimumVisualStudioVersion = 10.0.40219.1
Project("{FAE04EC0-301F-11D3-BF4B-00C04F79EFBC}") = "AdventureGame0.2", "AdventureGame0.2\AdventureGame0.2.csproj", "{08E93F94-85E8-486C-8162-9FF8A8377F6D}"
EndProject
Global
	GlobalSection(SolutionConfigurationPlatforms) = preSolution
		Debug|Any CPU = Debug|Any CPU
		Release|Any CPU = Release|Any CPU
	EndGlobalSection
	GlobalSection(ProjectConfigurationPlatforms) = postSolution
		{08E93F94-85E8-486C-8162-9FF8A8377F6D}.Debug|Any CPU.ActiveCfg = Debug|Any CPU
		{08E93F94-85E8-486C-8162-9FF8A8377F6D}.Debug|Any CPU.Build.0 = Debug|Any CPU
		{08E93F94-85E8-486C-8162-9FF8A8377F6D}.Release|Any CPU.ActiveCfg = Release|Any CPU
		{08E93F94-85E8-486C-8162-9FF8A8377F6D}.Release|Any CPU.Build.0 = Release|Any CPU
	EndGlobalSection
	GlobalSection(SolutionProperties) = preSolution
		HideSolutionNode = FALSE
	EndGlobalSection
	GlobalSection(ExtensibilityGlobals) = postSolution
		SolutionGuid = {8D41CFD1-0EF8-4B3B-8216-2B826D83993C}
	EndGlobalSection
EndGlobal
